// !$*UTF8*$!
{
	archiveVersion = 1;
	classes = {
	};
	objectVersion = 56;
	objects = {

/* Begin PBXBuildFile section */
		E41C7FE42BEEB17200CD61B6 /* NewsAppSwiftUIApp.swift in Sources */ = {isa = PBXBuildFile; fileRef = E41C7FE32BEEB17200CD61B6 /* NewsAppSwiftUIApp.swift */; };
		E41C7FE62BEEB17200CD61B6 /* ContentView.swift in Sources */ = {isa = PBXBuildFile; fileRef = E41C7FE52BEEB17200CD61B6 /* ContentView.swift */; };
		E41C7FE82BEEB17300CD61B6 /* Assets.xcassets in Resources */ = {isa = PBXBuildFile; fileRef = E41C7FE72BEEB17300CD61B6 /* Assets.xcassets */; };
		E41C7FEB2BEEB17300CD61B6 /* Preview Assets.xcassets in Resources */ = {isa = PBXBuildFile; fileRef = E41C7FEA2BEEB17300CD61B6 /* Preview Assets.xcassets */; };
		E44EB0C12C0602B9002068DB /* Kingfisher in Frameworks */ = {isa = PBXBuildFile; productRef = E44EB0C02C0602B9002068DB /* Kingfisher */; };
		E44F46CA2C0107AB00DBD972 /* NetworkManager.swift in Sources */ = {isa = PBXBuildFile; fileRef = E44F46C92C0107AB00DBD972 /* NetworkManager.swift */; };
		E44F46CD2C012BA600DBD972 /* NewsViewModel.swift in Sources */ = {isa = PBXBuildFile; fileRef = E44F46CC2C012BA600DBD972 /* NewsViewModel.swift */; };
		E4B6C5112BF6AA6E00310F0F /* FavoriteRow.swift in Sources */ = {isa = PBXBuildFile; fileRef = E4B6C5102BF6AA6E00310F0F /* FavoriteRow.swift */; };
		E4B6C5132BF7F12000310F0F /* NewsDetailView.swift in Sources */ = {isa = PBXBuildFile; fileRef = E4B6C5122BF7F12000310F0F /* NewsDetailView.swift */; };
		E4D187452C03847500D7D32F /* API.swift in Sources */ = {isa = PBXBuildFile; fileRef = E4D187442C03847500D7D32F /* API.swift */; };
		E4D187472C03A85F00D7D32F /* NewsListViewModel.swift in Sources */ = {isa = PBXBuildFile; fileRef = E4D187462C03A85F00D7D32F /* NewsListViewModel.swift */; };
		E4FC9AF62BF372A7007DA882 /* FavoriteButton.swift in Sources */ = {isa = PBXBuildFile; fileRef = E4FC9AF52BF372A7007DA882 /* FavoriteButton.swift */; };
		E4FC9AF82BF37559007DA882 /* NewsCard.swift in Sources */ = {isa = PBXBuildFile; fileRef = E4FC9AF72BF37559007DA882 /* NewsCard.swift */; };
		E4FC9AFA2BF375EF007DA882 /* NewsModel.swift in Sources */ = {isa = PBXBuildFile; fileRef = E4FC9AF92BF375EF007DA882 /* NewsModel.swift */; };
		E4FC9AFC2BF3B2DA007DA882 /* FavoritesView.swift in Sources */ = {isa = PBXBuildFile; fileRef = E4FC9AFB2BF3B2DA007DA882 /* FavoritesView.swift */; };
/* End PBXBuildFile section */

/* Begin PBXFileReference section */
		E41C7FE02BEEB17200CD61B6 /* NewsAppSwiftUI.app */ = {isa = PBXFileReference; explicitFileType = wrapper.application; includeInIndex = 0; path = NewsAppSwiftUI.app; sourceTree = BUILT_PRODUCTS_DIR; };
		E41C7FE32BEEB17200CD61B6 /* NewsAppSwiftUIApp.swift */ = {isa = PBXFileReference; lastKnownFileType = sourcecode.swift; path = NewsAppSwiftUIApp.swift; sourceTree = "<group>"; };
		E41C7FE52BEEB17200CD61B6 /* ContentView.swift */ = {isa = PBXFileReference; lastKnownFileType = sourcecode.swift; path = ContentView.swift; sourceTree = "<group>"; };
		E41C7FE72BEEB17300CD61B6 /* Assets.xcassets */ = {isa = PBXFileReference; lastKnownFileType = folder.assetcatalog; path = Assets.xcassets; sourceTree = "<group>"; };
		E41C7FEA2BEEB17300CD61B6 /* Preview Assets.xcassets */ = {isa = PBXFileReference; lastKnownFileType = folder.assetcatalog; path = "Preview Assets.xcassets"; sourceTree = "<group>"; };
		E44F46C92C0107AB00DBD972 /* NetworkManager.swift */ = {isa = PBXFileReference; lastKnownFileType = sourcecode.swift; path = NetworkManager.swift; sourceTree = "<group>"; };
		E44F46CC2C012BA600DBD972 /* NewsViewModel.swift */ = {isa = PBXFileReference; lastKnownFileType = sourcecode.swift; path = NewsViewModel.swift; sourceTree = "<group>"; };
		E4B6C5102BF6AA6E00310F0F /* FavoriteRow.swift */ = {isa = PBXFileReference; lastKnownFileType = sourcecode.swift; path = FavoriteRow.swift; sourceTree = "<group>"; };
		E4B6C5122BF7F12000310F0F /* NewsDetailView.swift */ = {isa = PBXFileReference; lastKnownFileType = sourcecode.swift; path = NewsDetailView.swift; sourceTree = "<group>"; };
		E4D187442C03847500D7D32F /* API.swift */ = {isa = PBXFileReference; lastKnownFileType = sourcecode.swift; path = API.swift; sourceTree = "<group>"; };
		E4D187462C03A85F00D7D32F /* NewsListViewModel.swift */ = {isa = PBXFileReference; lastKnownFileType = sourcecode.swift; path = NewsListViewModel.swift; sourceTree = "<group>"; };
		E4FC9AF52BF372A7007DA882 /* FavoriteButton.swift */ = {isa = PBXFileReference; lastKnownFileType = sourcecode.swift; path = FavoriteButton.swift; sourceTree = "<group>"; };
		E4FC9AF72BF37559007DA882 /* NewsCard.swift */ = {isa = PBXFileReference; lastKnownFileType = sourcecode.swift; path = NewsCard.swift; sourceTree = "<group>"; };
		E4FC9AF92BF375EF007DA882 /* NewsModel.swift */ = {isa = PBXFileReference; lastKnownFileType = sourcecode.swift; path = NewsModel.swift; sourceTree = "<group>"; };
		E4FC9AFB2BF3B2DA007DA882 /* FavoritesView.swift */ = {isa = PBXFileReference; lastKnownFileType = sourcecode.swift; path = FavoritesView.swift; sourceTree = "<group>"; };
/* End PBXFileReference section */

/* Begin PBXFrameworksBuildPhase section */
		E41C7FDD2BEEB17200CD61B6 /* Frameworks */ = {
			isa = PBXFrameworksBuildPhase;
			buildActionMask = 2147483647;
			files = (
				E44EB0C12C0602B9002068DB /* Kingfisher in Frameworks */,
			);
			runOnlyForDeploymentPostprocessing = 0;
		};
/* End PBXFrameworksBuildPhase section */

/* Begin PBXGroup section */
		E41C7FD72BEEB17200CD61B6 = {
			isa = PBXGroup;
			children = (
				E41C7FE22BEEB17200CD61B6 /* NewsAppSwiftUI */,
				E41C7FE12BEEB17200CD61B6 /* Products */,
			);
			sourceTree = "<group>";
		};
		E41C7FE12BEEB17200CD61B6 /* Products */ = {
			isa = PBXGroup;
			children = (
				E41C7FE02BEEB17200CD61B6 /* NewsAppSwiftUI.app */,
			);
			name = Products;
			sourceTree = "<group>";
		};
		E41C7FE22BEEB17200CD61B6 /* NewsAppSwiftUI */ = {
			isa = PBXGroup;
			children = (
				E4D187492C03AB7C00D7D32F /* Delegates */,
				E4D187482C03AB6100D7D32F /* Assets */,
				E4D187432C03846200D7D32F /* Config */,
				E44F46CB2C012B8D00DBD972 /* ViewModel */,
				E44F46C82C01079800DBD972 /* Service */,
				E41C7FE32BEEB17200CD61B6 /* NewsAppSwiftUIApp.swift */,
				E41C7FE52BEEB17200CD61B6 /* ContentView.swift */,
				E4FC9AF52BF372A7007DA882 /* FavoriteButton.swift */,
				E4FC9AF72BF37559007DA882 /* NewsCard.swift */,
				E4FC9AFB2BF3B2DA007DA882 /* FavoritesView.swift */,
				E4FC9AF92BF375EF007DA882 /* NewsModel.swift */,
				E41C7FE92BEEB17300CD61B6 /* Preview Content */,
				E4B6C5102BF6AA6E00310F0F /* FavoriteRow.swift */,
				E41C7FE72BEEB17300CD61B6 /* Assets.xcassets */,
				E4B6C5122BF7F12000310F0F /* NewsDetailView.swift */,
			);
			path = NewsAppSwiftUI;
			sourceTree = "<group>";
		};
		E41C7FE92BEEB17300CD61B6 /* Preview Content */ = {
			isa = PBXGroup;
			children = (
				E41C7FEA2BEEB17300CD61B6 /* Preview Assets.xcassets */,
			);
			path = "Preview Content";
			sourceTree = "<group>";
		};
		E44F46C82C01079800DBD972 /* Service */ = {
			isa = PBXGroup;
			children = (
				E44F46C92C0107AB00DBD972 /* NetworkManager.swift */,
			);
			path = Service;
			sourceTree = "<group>";
		};
		E44F46CB2C012B8D00DBD972 /* ViewModel */ = {
			isa = PBXGroup;
			children = (
				E44F46CC2C012BA600DBD972 /* NewsViewModel.swift */,
				E4D187462C03A85F00D7D32F /* NewsListViewModel.swift */,
			);
			path = ViewModel;
			sourceTree = "<group>";
		};
		E4D187432C03846200D7D32F /* Config */ = {
			isa = PBXGroup;
			children = (
				E4D187442C03847500D7D32F /* API.swift */,
			);
			path = Config;
			sourceTree = "<group>";
		};
		E4D187482C03AB6100D7D32F /* Assets */ = {
			isa = PBXGroup;
			children = (
			);
			path = Assets;
			sourceTree = "<group>";
		};
		E4D187492C03AB7C00D7D32F /* Delegates */ = {
			isa = PBXGroup;
			children = (
			);
			path = Delegates;
			sourceTree = "<group>";
		};
/* End PBXGroup section */

/* Begin PBXNativeTarget section */
		E41C7FDF2BEEB17200CD61B6 /* NewsAppSwiftUI */ = {
			isa = PBXNativeTarget;
			buildConfigurationList = E41C7FEE2BEEB17300CD61B6 /* Build configuration list for PBXNativeTarget "NewsAppSwiftUI" */;
			buildPhases = (
				E41C7FDC2BEEB17200CD61B6 /* Sources */,
				E41C7FDD2BEEB17200CD61B6 /* Frameworks */,
				E41C7FDE2BEEB17200CD61B6 /* Resources */,
			);
			buildRules = (
			);
			dependencies = (
			);
			name = NewsAppSwiftUI;
			packageProductDependencies = (
				E44EB0C02C0602B9002068DB /* Kingfisher */,
			);
			productName = NewsAppSwiftUI;
			productReference = E41C7FE02BEEB17200CD61B6 /* NewsAppSwiftUI.app */;
			productType = "com.apple.product-type.application";
		};
/* End PBXNativeTarget section */

/* Begin PBXProject section */
		E41C7FD82BEEB17200CD61B6 /* Project object */ = {
			isa = PBXProject;
			attributes = {
				BuildIndependentTargetsInParallel = 1;
				LastSwiftUpdateCheck = 1430;
				LastUpgradeCheck = 1430;
				TargetAttributes = {
					E41C7FDF2BEEB17200CD61B6 = {
						CreatedOnToolsVersion = 14.3.1;
					};
				};
			};
			buildConfigurationList = E41C7FDB2BEEB17200CD61B6 /* Build configuration list for PBXProject "NewsAppSwiftUI" */;
			compatibilityVersion = "Xcode 14.0";
			developmentRegion = en;
			hasScannedForEncodings = 0;
			knownRegions = (
				en,
				Base,
			);
			mainGroup = E41C7FD72BEEB17200CD61B6;
			packageReferences = (
				E44EB0BF2C0602B9002068DB /* XCRemoteSwiftPackageReference "Kingfisher" */,
			);
			productRefGroup = E41C7FE12BEEB17200CD61B6 /* Products */;
			projectDirPath = "";
			projectRoot = "";
			targets = (
				E41C7FDF2BEEB17200CD61B6 /* NewsAppSwiftUI */,
			);
		};
/* End PBXProject section */

/* Begin PBXResourcesBuildPhase section */
		E41C7FDE2BEEB17200CD61B6 /* Resources */ = {
			isa = PBXResourcesBuildPhase;
			buildActionMask = 2147483647;
			files = (
				E41C7FEB2BEEB17300CD61B6 /* Preview Assets.xcassets in Resources */,
				E41C7FE82BEEB17300CD61B6 /* Assets.xcassets in Resources */,
			);
			runOnlyForDeploymentPostprocessing = 0;
		};
/* End PBXResourcesBuildPhase section */

/* Begin PBXSourcesBuildPhase section */
		E41C7FDC2BEEB17200CD61B6 /* Sources */ = {
			isa = PBXSourcesBuildPhase;
			buildActionMask = 2147483647;
			files = (
				E4D187452C03847500D7D32F /* API.swift in Sources */,
				E44F46CA2C0107AB00DBD972 /* NetworkManager.swift in Sources */,
				E4FC9AF82BF37559007DA882 /* NewsCard.swift in Sources */,
				E4B6C5112BF6AA6E00310F0F /* FavoriteRow.swift in Sources */,
				E4B6C5132BF7F12000310F0F /* NewsDetailView.swift in Sources */,
				E4FC9AF62BF372A7007DA882 /* FavoriteButton.swift in Sources */,
				E4FC9AFC2BF3B2DA007DA882 /* FavoritesView.swift in Sources */,
				E41C7FE62BEEB17200CD61B6 /* ContentView.swift in Sources */,
				E44F46CD2C012BA600DBD972 /* NewsViewModel.swift in Sources */,
				E4FC9AFA2BF375EF007DA882 /* NewsModel.swift in Sources */,
				E41C7FE42BEEB17200CD61B6 /* NewsAppSwiftUIApp.swift in Sources */,
				E4D187472C03A85F00D7D32F /* NewsListViewModel.swift in Sources */,
			);
			runOnlyForDeploymentPostprocessing = 0;
		};
/* End PBXSourcesBuildPhase section */

/* Begin XCBuildConfiguration section */
		E41C7FEC2BEEB17300CD61B6 /* Debug */ = {
			isa = XCBuildConfiguration;
			buildSettings = {
				ALWAYS_SEARCH_USER_PATHS = NO;
				CLANG_ANALYZER_NONNULL = YES;
				CLANG_ANALYZER_NUMBER_OBJECT_CONVERSION = YES_AGGRESSIVE;
				CLANG_CXX_LANGUAGE_STANDARD = "gnu++20";
				CLANG_ENABLE_MODULES = YES;
				CLANG_ENABLE_OBJC_ARC = YES;
				CLANG_ENABLE_OBJC_WEAK = YES;
				CLANG_WARN_BLOCK_CAPTURE_AUTORELEASING = YES;
				CLANG_WARN_BOOL_CONVERSION = YES;
				CLANG_WARN_COMMA = YES;
				CLANG_WARN_CONSTANT_CONVERSION = YES;
				CLANG_WARN_DEPRECATED_OBJC_IMPLEMENTATIONS = YES;
				CLANG_WARN_DIRECT_OBJC_ISA_USAGE = YES_ERROR;
				CLANG_WARN_DOCUMENTATION_COMMENTS = YES;
				CLANG_WARN_EMPTY_BODY = YES;
				CLANG_WARN_ENUM_CONVERSION = YES;
				CLANG_WARN_INFINITE_RECURSION = YES;
				CLANG_WARN_INT_CONVERSION = YES;
				CLANG_WARN_NON_LITERAL_NULL_CONVERSION = YES;
				CLANG_WARN_OBJC_IMPLICIT_RETAIN_SELF = YES;
				CLANG_WARN_OBJC_LITERAL_CONVERSION = YES;
				CLANG_WARN_OBJC_ROOT_CLASS = YES_ERROR;
				CLANG_WARN_QUOTED_INCLUDE_IN_FRAMEWORK_HEADER = YES;
				CLANG_WARN_RANGE_LOOP_ANALYSIS = YES;
				CLANG_WARN_STRICT_PROTOTYPES = YES;
				CLANG_WARN_SUSPICIOUS_MOVE = YES;
				CLANG_WARN_UNGUARDED_AVAILABILITY = YES_AGGRESSIVE;
				CLANG_WARN_UNREACHABLE_CODE = YES;
				CLANG_WARN__DUPLICATE_METHOD_MATCH = YES;
				COPY_PHASE_STRIP = NO;
				DEBUG_INFORMATION_FORMAT = dwarf;
				ENABLE_STRICT_OBJC_MSGSEND = YES;
				ENABLE_TESTABILITY = YES;
				GCC_C_LANGUAGE_STANDARD = gnu11;
				GCC_DYNAMIC_NO_PIC = NO;
				GCC_NO_COMMON_BLOCKS = YES;
				GCC_OPTIMIZATION_LEVEL = 0;
				GCC_PREPROCESSOR_DEFINITIONS = (
					"DEBUG=1",
					"$(inherited)",
				);
				GCC_WARN_64_TO_32_BIT_CONVERSION = YES;
				GCC_WARN_ABOUT_RETURN_TYPE = YES_ERROR;
				GCC_WARN_UNDECLARED_SELECTOR = YES;
				GCC_WARN_UNINITIALIZED_AUTOS = YES_AGGRESSIVE;
				GCC_WARN_UNUSED_FUNCTION = YES;
				GCC_WARN_UNUSED_VARIABLE = YES;
				IPHONEOS_DEPLOYMENT_TARGET = 16.4;
				MTL_ENABLE_DEBUG_INFO = INCLUDE_SOURCE;
				MTL_FAST_MATH = YES;
				ONLY_ACTIVE_ARCH = YES;
				SDKROOT = iphoneos;
				SWIFT_ACTIVE_COMPILATION_CONDITIONS = DEBUG;
				SWIFT_OPTIMIZATION_LEVEL = "-Onone";
			};
			name = Debug;
		};
		E41C7FED2BEEB17300CD61B6 /* Release */ = {
			isa = XCBuildConfiguration;
			buildSettings = {
				ALWAYS_SEARCH_USER_PATHS = NO;
				CLANG_ANALYZER_NONNULL = YES;
				CLANG_ANALYZER_NUMBER_OBJECT_CONVERSION = YES_AGGRESSIVE;
				CLANG_CXX_LANGUAGE_STANDARD = "gnu++20";
				CLANG_ENABLE_MODULES = YES;
				CLANG_ENABLE_OBJC_ARC = YES;
				CLANG_ENABLE_OBJC_WEAK = YES;
				CLANG_WARN_BLOCK_CAPTURE_AUTORELEASING = YES;
				CLANG_WARN_BOOL_CONVERSION = YES;
				CLANG_WARN_COMMA = YES;
				CLANG_WARN_CONSTANT_CONVERSION = YES;
				CLANG_WARN_DEPRECATED_OBJC_IMPLEMENTATIONS = YES;
				CLANG_WARN_DIRECT_OBJC_ISA_USAGE = YES_ERROR;
				CLANG_WARN_DOCUMENTATION_COMMENTS = YES;
				CLANG_WARN_EMPTY_BODY = YES;
				CLANG_WARN_ENUM_CONVERSION = YES;
				CLANG_WARN_INFINITE_RECURSION = YES;
				CLANG_WARN_INT_CONVERSION = YES;
				CLANG_WARN_NON_LITERAL_NULL_CONVERSION = YES;
				CLANG_WARN_OBJC_IMPLICIT_RETAIN_SELF = YES;
				CLANG_WARN_OBJC_LITERAL_CONVERSION = YES;
				CLANG_WARN_OBJC_ROOT_CLASS = YES_ERROR;
				CLANG_WARN_QUOTED_INCLUDE_IN_FRAMEWORK_HEADER = YES;
				CLANG_WARN_RANGE_LOOP_ANALYSIS = YES;
				CLANG_WARN_STRICT_PROTOTYPES = YES;
				CLANG_WARN_SUSPICIOUS_MOVE = YES;
				CLANG_WARN_UNGUARDED_AVAILABILITY = YES_AGGRESSIVE;
				CLANG_WARN_UNREACHABLE_CODE = YES;
				CLANG_WARN__DUPLICATE_METHOD_MATCH = YES;
				COPY_PHASE_STRIP = NO;
				DEBUG_INFORMATION_FORMAT = "dwarf-with-dsym";
				ENABLE_NS_ASSERTIONS = NO;
				ENABLE_STRICT_OBJC_MSGSEND = YES;
				GCC_C_LANGUAGE_STANDARD = gnu11;
				GCC_NO_COMMON_BLOCKS = YES;
				GCC_WARN_64_TO_32_BIT_CONVERSION = YES;
				GCC_WARN_ABOUT_RETURN_TYPE = YES_ERROR;
				GCC_WARN_UNDECLARED_SELECTOR = YES;
				GCC_WARN_UNINITIALIZED_AUTOS = YES_AGGRESSIVE;
				GCC_WARN_UNUSED_FUNCTION = YES;
				GCC_WARN_UNUSED_VARIABLE = YES;
				IPHONEOS_DEPLOYMENT_TARGET = 16.4;
				MTL_ENABLE_DEBUG_INFO = NO;
				MTL_FAST_MATH = YES;
				SDKROOT = iphoneos;
				SWIFT_COMPILATION_MODE = wholemodule;
				SWIFT_OPTIMIZATION_LEVEL = "-O";
				VALIDATE_PRODUCT = YES;
			};
			name = Release;
		};
		E41C7FEF2BEEB17300CD61B6 /* Debug */ = {
			isa = XCBuildConfiguration;
			buildSettings = {
				ASSETCATALOG_COMPILER_APPICON_NAME = AppIcon;
				ASSETCATALOG_COMPILER_GLOBAL_ACCENT_COLOR_NAME = AccentColor;
				CODE_SIGN_STYLE = Automatic;
				CURRENT_PROJECT_VERSION = 1;
				DEVELOPMENT_ASSET_PATHS = "\"NewsAppSwiftUI/Preview Content\"";
				DEVELOPMENT_TEAM = 338U6KBSVH;
				ENABLE_PREVIEWS = YES;
				GENERATE_INFOPLIST_FILE = YES;
				INFOPLIST_KEY_UIApplicationSceneManifest_Generation = YES;
				INFOPLIST_KEY_UIApplicationSupportsIndirectInputEvents = YES;
				INFOPLIST_KEY_UILaunchScreen_Generation = YES;
				INFOPLIST_KEY_UISupportedInterfaceOrientations_iPad = "UIInterfaceOrientationPortrait UIInterfaceOrientationPortraitUpsideDown UIInterfaceOrientationLandscapeLeft UIInterfaceOrientationLandscapeRight";
				INFOPLIST_KEY_UISupportedInterfaceOrientations_iPhone = "UIInterfaceOrientationPortrait UIInterfaceOrientationLandscapeLeft UIInterfaceOrientationLandscapeRight";
				LD_RUNPATH_SEARCH_PATHS = (
					"$(inherited)",
					"@executable_path/Frameworks",
				);
				MARKETING_VERSION = 1.0;
				PRODUCT_BUNDLE_IDENTIFIER = com.sulekaptan.NewsAppSwiftUI;
				PRODUCT_NAME = "$(TARGET_NAME)";
				SWIFT_EMIT_LOC_STRINGS = YES;
				SWIFT_VERSION = 5.0;
				TARGETED_DEVICE_FAMILY = "1,2";
			};
			name = Debug;
		};
		E41C7FF02BEEB17300CD61B6 /* Release */ = {
			isa = XCBuildConfiguration;
			buildSettings = {
				ASSETCATALOG_COMPILER_APPICON_NAME = AppIcon;
				ASSETCATALOG_COMPILER_GLOBAL_ACCENT_COLOR_NAME = AccentColor;
				CODE_SIGN_STYLE = Automatic;
				CURRENT_PROJECT_VERSION = 1;
				DEVELOPMENT_ASSET_PATHS = "\"NewsAppSwiftUI/Preview Content\"";
				DEVELOPMENT_TEAM = 338U6KBSVH;
				ENABLE_PREVIEWS = YES;
				GENERATE_INFOPLIST_FILE = YES;
				INFOPLIST_KEY_UIApplicationSceneManifest_Generation = YES;
				INFOPLIST_KEY_UIApplicationSupportsIndirectInputEvents = YES;
				INFOPLIST_KEY_UILaunchScreen_Generation = YES;
				INFOPLIST_KEY_UISupportedInterfaceOrientations_iPad = "UIInterfaceOrientationPortrait UIInterfaceOrientationPortraitUpsideDown UIInterfaceOrientationLandscapeLeft UIInterfaceOrientationLandscapeRight";
				INFOPLIST_KEY_UISupportedInterfaceOrientations_iPhone = "UIInterfaceOrientationPortrait UIInterfaceOrientationLandscapeLeft UIInterfaceOrientationLandscapeRight";
				LD_RUNPATH_SEARCH_PATHS = (
					"$(inherited)",
					"@executable_path/Frameworks",
				);
				MARKETING_VERSION = 1.0;
				PRODUCT_BUNDLE_IDENTIFIER = com.sulekaptan.NewsAppSwiftUI;
				PRODUCT_NAME = "$(TARGET_NAME)";
				SWIFT_EMIT_LOC_STRINGS = YES;
				SWIFT_VERSION = 5.0;
				TARGETED_DEVICE_FAMILY = "1,2";
			};
			name = Release;
		};
/* End XCBuildConfiguration section */

/* Begin XCConfigurationList section */
		E41C7FDB2BEEB17200CD61B6 /* Build configuration list for PBXProject "NewsAppSwiftUI" */ = {
			isa = XCConfigurationList;
			buildConfigurations = (
				E41C7FEC2BEEB17300CD61B6 /* Debug */,
				E41C7FED2BEEB17300CD61B6 /* Release */,
			);
			defaultConfigurationIsVisible = 0;
			defaultConfigurationName = Release;
		};
		E41C7FEE2BEEB17300CD61B6 /* Build configuration list for PBXNativeTarget "NewsAppSwiftUI" */ = {
			isa = XCConfigurationList;
			buildConfigurations = (
				E41C7FEF2BEEB17300CD61B6 /* Debug */,
				E41C7FF02BEEB17300CD61B6 /* Release */,
			);
			defaultConfigurationIsVisible = 0;
			defaultConfigurationName = Release;
		};
/* End XCConfigurationList section */

/* Begin XCRemoteSwiftPackageReference section */
		E44EB0BF2C0602B9002068DB /* XCRemoteSwiftPackageReference "Kingfisher" */ = {
			isa = XCRemoteSwiftPackageReference;
			repositoryURL = "https://github.com/onevcat/Kingfisher";
			requirement = {
				kind = upToNextMajorVersion;
				minimumVersion = 7.0.0;
			};
		};
/* End XCRemoteSwiftPackageReference section */

/* Begin XCSwiftPackageProductDependency section */
		E44EB0C02C0602B9002068DB /* Kingfisher */ = {
			isa = XCSwiftPackageProductDependency;
			package = E44EB0BF2C0602B9002068DB /* XCRemoteSwiftPackageReference "Kingfisher" */;
			productName = Kingfisher;
		};
/* End XCSwiftPackageProductDependency section */
	};
	rootObject = E41C7FD82BEEB17200CD61B6 /* Project object */;
}
